
Microsoft Visual Studio Solution File, Format Version 12.00
# Visual Studio Version 17
VisualStudioVersion = 17.6.33717.318
MinimumVisualStudioVersion = 10.0.40219.1
Project("{FAE04EC0-301F-11D3-BF4B-00C04F79EFBC}") = "CSSPDBDLL", "CSSPDBDLL\CSSPDBDLL.csproj", "{F452F806-E07D-42FE-A6AE-294CEBF1D950}"
EndProject
Project("{FAE04EC0-301F-11D3-BF4B-00C04F79EFBC}") = "CSSPDBDLL.Tests", "CSSPDBDLL.Tests\CSSPDBDLL.Tests.csproj", "{710959D2-3658-4C90-AB4B-89A50370FA0F}"
EndProject
Project("{FAE04EC0-301F-11D3-BF4B-00C04F79EFBC}") = "CSSPTemporaryDBDLL", "..\CSSPTemporaryDBDLL\CSSPTemporaryDBDLL.csproj", "{7F1BE557-CD50-40B5-93CB-AB089EE0CCDF}"
EndProject
Project("{FAE04EC0-301F-11D3-BF4B-00C04F79EFBC}") = "CSSPEnumsDLL", "..\CSSPEnumsDLL\CSSPEnumsDLL\CSSPEnumsDLL.csproj", "{78D59E0E-C66F-4F57-9703-2F69EBE4CAA6}"
EndProject
Project("{FAE04EC0-301F-11D3-BF4B-00C04F79EFBC}") = "CSSPModelsDLL", "..\CSSPModelsDLL\CSSPModelsDLL\CSSPModelsDLL.csproj", "{EB211F77-4987-405D-AD8F-53882F261C33}"
EndProject
Project("{FAE04EC0-301F-11D3-BF4B-00C04F79EFBC}") = "CSSPDHI", "..\CSSPDHI\CSSPDHI\CSSPDHI.csproj", "{146CC470-1A4E-41AA-9F93-9CDC1D71F000}"
EndProject
Project("{FAE04EC0-301F-11D3-BF4B-00C04F79EFBC}") = "CSSPLabSheetParserDLL", "..\CSSPLabSheetParserDLL\CSSPLabSheetParserDLL\CSSPLabSheetParserDLL.csproj", "{A6E54418-B988-4814-B0AE-B8932669C9BF}"
EndProject
Global
	GlobalSection(SolutionConfigurationPlatforms) = preSolution
		Debug|Any CPU = Debug|Any CPU
		Release|Any CPU = Release|Any CPU
	EndGlobalSection
	GlobalSection(ProjectConfigurationPlatforms) = postSolution
		{F452F806-E07D-42FE-A6AE-294CEBF1D950}.Debug|Any CPU.ActiveCfg = Debug|Any CPU
		{F452F806-E07D-42FE-A6AE-294CEBF1D950}.Debug|Any CPU.Build.0 = Debug|Any CPU
		{F452F806-E07D-42FE-A6AE-294CEBF1D950}.Release|Any CPU.ActiveCfg = Release|Any CPU
		{F452F806-E07D-42FE-A6AE-294CEBF1D950}.Release|Any CPU.Build.0 = Release|Any CPU
		{710959D2-3658-4C90-AB4B-89A50370FA0F}.Debug|Any CPU.ActiveCfg = Debug|Any CPU
		{710959D2-3658-4C90-AB4B-89A50370FA0F}.Debug|Any CPU.Build.0 = Debug|Any CPU
		{710959D2-3658-4C90-AB4B-89A50370FA0F}.Release|Any CPU.ActiveCfg = Release|Any CPU
		{710959D2-3658-4C90-AB4B-89A50370FA0F}.Release|Any CPU.Build.0 = Release|Any CPU
		{7F1BE557-CD50-40B5-93CB-AB089EE0CCDF}.Debug|Any CPU.ActiveCfg = Debug|Any CPU
		{7F1BE557-CD50-40B5-93CB-AB089EE0CCDF}.Debug|Any CPU.Build.0 = Debug|Any CPU
		{7F1BE557-CD50-40B5-93CB-AB089EE0CCDF}.Release|Any CPU.ActiveCfg = Release|Any CPU
		{7F1BE557-CD50-40B5-93CB-AB089EE0CCDF}.Release|Any CPU.Build.0 = Release|Any CPU
		{78D59E0E-C66F-4F57-9703-2F69EBE4CAA6}.Debug|Any CPU.ActiveCfg = Debug|Any CPU
		{78D59E0E-C66F-4F57-9703-2F69EBE4CAA6}.Debug|Any CPU.Build.0 = Debug|Any CPU
		{78D59E0E-C66F-4F57-9703-2F69EBE4CAA6}.Release|Any CPU.ActiveCfg = Release|Any CPU
		{78D59E0E-C66F-4F57-9703-2F69EBE4CAA6}.Release|Any CPU.Build.0 = Release|Any CPU
		{EB211F77-4987-405D-AD8F-53882F261C33}.Debug|Any CPU.ActiveCfg = Debug|Any CPU
		{EB211F77-4987-405D-AD8F-53882F261C33}.Debug|Any CPU.Build.0 = Debug|Any CPU
		{EB211F77-4987-405D-AD8F-53882F261C33}.Release|Any CPU.ActiveCfg = Release|Any CPU
		{EB211F77-4987-405D-AD8F-53882F261C33}.Release|Any CPU.Build.0 = Release|Any CPU
		{146CC470-1A4E-41AA-9F93-9CDC1D71F000}.Debug|Any CPU.ActiveCfg = Debug|Any CPU
		{146CC470-1A4E-41AA-9F93-9CDC1D71F000}.Debug|Any CPU.Build.0 = Debug|Any CPU
		{146CC470-1A4E-41AA-9F93-9CDC1D71F000}.Release|Any CPU.ActiveCfg = Release|Any CPU
		{146CC470-1A4E-41AA-9F93-9CDC1D71F000}.Release|Any CPU.Build.0 = Release|Any CPU
		{A6E54418-B988-4814-B0AE-B8932669C9BF}.Debug|Any CPU.ActiveCfg = Debug|Any CPU
		{A6E54418-B988-4814-B0AE-B8932669C9BF}.Debug|Any CPU.Build.0 = Debug|Any CPU
		{A6E54418-B988-4814-B0AE-B8932669C9BF}.Release|Any CPU.ActiveCfg = Release|Any CPU
		{A6E54418-B988-4814-B0AE-B8932669C9BF}.Release|Any CPU.Build.0 = Release|Any CPU
	EndGlobalSection
	GlobalSection(SolutionProperties) = preSolution
		HideSolutionNode = FALSE
	EndGlobalSection
	GlobalSection(ExtensibilityGlobals) = postSolution
		SolutionGuid = {91D11B0A-DDC3-4B71-AE87-A6F8588EF769}
	EndGlobalSection
EndGlobal
